// !$*UTF8*$!
{
	archiveVersion = 1;
	classes = {
	};
	objectVersion = 46;
	objects = {

/* Begin PBXBuildFile section */
		7F511E631CF8DCF900C07C3D /* AppDelegate.swift in Sources */ = {isa = PBXBuildFile; fileRef = 7F511E621CF8DCF900C07C3D /* AppDelegate.swift */; };
		7F511E651CF8DCF900C07C3D /* ViewController.swift in Sources */ = {isa = PBXBuildFile; fileRef = 7F511E641CF8DCF900C07C3D /* ViewController.swift */; };
		7F511E681CF8DCF900C07C3D /* Main.storyboard in Resources */ = {isa = PBXBuildFile; fileRef = 7F511E661CF8DCF900C07C3D /* Main.storyboard */; };
		7F511E6A1CF8DCF900C07C3D /* Assets.xcassets in Resources */ = {isa = PBXBuildFile; fileRef = 7F511E691CF8DCF900C07C3D /* Assets.xcassets */; };
		7F511E6D1CF8DCF900C07C3D /* LaunchScreen.storyboard in Resources */ = {isa = PBXBuildFile; fileRef = 7F511E6B1CF8DCF900C07C3D /* LaunchScreen.storyboard */; };
		7F511E761CF8E2DC00C07C3D /* L3SDKLazyTableView.swift in Sources */ = {isa = PBXBuildFile; fileRef = 7F511E741CF8E2DC00C07C3D /* L3SDKLazyTableView.swift */; };
		7F511E771CF8E2DC00C07C3D /* L3SDKUtilityLazyLoad.swift in Sources */ = {isa = PBXBuildFile; fileRef = 7F511E751CF8E2DC00C07C3D /* L3SDKUtilityLazyLoad.swift */; };
		7F511E791CF8E95400C07C3D /* iOS_LazyTableView.xcdatamodel in Sources */ = {isa = PBXBuildFile; fileRef = 7F511E781CF8E95400C07C3D /* iOS_LazyTableView.xcdatamodel */; };
/* End PBXBuildFile section */

/* Begin PBXFileReference section */
		7F511E5F1CF8DCF900C07C3D /* iOS-LazyTableView-Swift.app */ = {isa = PBXFileReference; explicitFileType = wrapper.application; includeInIndex = 0; path = "iOS-LazyTableView-Swift.app"; sourceTree = BUILT_PRODUCTS_DIR; };
		7F511E621CF8DCF900C07C3D /* AppDelegate.swift */ = {isa = PBXFileReference; lastKnownFileType = sourcecode.swift; path = AppDelegate.swift; sourceTree = "<group>"; };
		7F511E641CF8DCF900C07C3D /* ViewController.swift */ = {isa = PBXFileReference; lastKnownFileType = sourcecode.swift; path = ViewController.swift; sourceTree = "<group>"; };
		7F511E671CF8DCF900C07C3D /* Base */ = {isa = PBXFileReference; lastKnownFileType = file.storyboard; name = Base; path = Base.lproj/Main.storyboard; sourceTree = "<group>"; };
		7F511E691CF8DCF900C07C3D /* Assets.xcassets */ = {isa = PBXFileReference; lastKnownFileType = folder.assetcatalog; path = Assets.xcassets; sourceTree = "<group>"; };
		7F511E6C1CF8DCF900C07C3D /* Base */ = {isa = PBXFileReference; lastKnownFileType = file.storyboard; name = Base; path = Base.lproj/LaunchScreen.storyboard; sourceTree = "<group>"; };
		7F511E6E1CF8DCF900C07C3D /* Info.plist */ = {isa = PBXFileReference; lastKnownFileType = text.plist.xml; path = Info.plist; sourceTree = "<group>"; };
		7F511E741CF8E2DC00C07C3D /* L3SDKLazyTableView.swift */ = {isa = PBXFileReference; fileEncoding = 4; lastKnownFileType = sourcecode.swift; path = L3SDKLazyTableView.swift; sourceTree = "<group>"; };
		7F511E751CF8E2DC00C07C3D /* L3SDKUtilityLazyLoad.swift */ = {isa = PBXFileReference; fileEncoding = 4; lastKnownFileType = sourcecode.swift; path = L3SDKUtilityLazyLoad.swift; sourceTree = "<group>"; };
		7F511E781CF8E95400C07C3D /* iOS_LazyTableView.xcdatamodel */ = {isa = PBXFileReference; lastKnownFileType = wrapper.xcdatamodel; path = iOS_LazyTableView.xcdatamodel; sourceTree = "<group>"; };
/* End PBXFileReference section */

/* Begin PBXFrameworksBuildPhase section */
		7F511E5C1CF8DCF900C07C3D /* Frameworks */ = {
			isa = PBXFrameworksBuildPhase;
			buildActionMask = 2147483647;
			files = (
			);
			runOnlyForDeploymentPostprocessing = 0;
		};
/* End PBXFrameworksBuildPhase section */

/* Begin PBXGroup section */
		7F511E561CF8DCF900C07C3D = {
			isa = PBXGroup;
			children = (
				7F511E611CF8DCF900C07C3D /* iOS-LazyTableView-Swift */,
				7F511E601CF8DCF900C07C3D /* Products */,
				7F511E781CF8E95400C07C3D /* iOS_LazyTableView.xcdatamodel */,
			);
			sourceTree = "<group>";
		};
		7F511E601CF8DCF900C07C3D /* Products */ = {
			isa = PBXGroup;
			children = (
				7F511E5F1CF8DCF900C07C3D /* iOS-LazyTableView-Swift.app */,
			);
			name = Products;
			sourceTree = "<group>";
		};
		7F511E611CF8DCF900C07C3D /* iOS-LazyTableView-Swift */ = {
			isa = PBXGroup;
			children = (
				7F511E741CF8E2DC00C07C3D /* L3SDKLazyTableView.swift */,
				7F511E751CF8E2DC00C07C3D /* L3SDKUtilityLazyLoad.swift */,
				7F511E621CF8DCF900C07C3D /* AppDelegate.swift */,
				7F511E641CF8DCF900C07C3D /* ViewController.swift */,
				7F511E661CF8DCF900C07C3D /* Main.storyboard */,
				7F511E691CF8DCF900C07C3D /* Assets.xcassets */,
				7F511E6B1CF8DCF900C07C3D /* LaunchScreen.storyboard */,
				7F511E6E1CF8DCF900C07C3D /* Info.plist */,
			);
			path = "iOS-LazyTableView-Swift";
			sourceTree = "<group>";
		};
/* End PBXGroup section */

/* Begin PBXNativeTarget section */
		7F511E5E1CF8DCF900C07C3D /* iOS-LazyTableView-Swift */ = {
			isa = PBXNativeTarget;
			buildConfigurationList = 7F511E711CF8DCF900C07C3D /* Build configuration list for PBXNativeTarget "iOS-LazyTableView-Swift" */;
			buildPhases = (
				7F511E5B1CF8DCF900C07C3D /* Sources */,
				7F511E5C1CF8DCF900C07C3D /* Frameworks */,
				7F511E5D1CF8DCF900C07C3D /* Resources */,
			);
			buildRules = (
			);
			dependencies = (
			);
			name = "iOS-LazyTableView-Swift";
			productName = "iOS-LazyTableView-Swift";
			productReference = 7F511E5F1CF8DCF900C07C3D /* iOS-LazyTableView-Swift.app */;
			productType = "com.apple.product-type.application";
		};
/* End PBXNativeTarget section */

/* Begin PBXProject section */
		7F511E571CF8DCF900C07C3D /* Project object */ = {
			isa = PBXProject;
			attributes = {
				LastSwiftUpdateCheck = 0730;
				LastUpgradeCheck = 0730;
				ORGANIZATIONNAME = "Jared Stefanowicz";
				TargetAttributes = {
					7F511E5E1CF8DCF900C07C3D = {
						CreatedOnToolsVersion = 7.3.1;
						DevelopmentTeam = G9UGV3XBCW;
					};
				};
			};
			buildConfigurationList = 7F511E5A1CF8DCF900C07C3D /* Build configuration list for PBXProject "iOS-LazyTableView-Swift" */;
			compatibilityVersion = "Xcode 3.2";
			developmentRegion = English;
			hasScannedForEncodings = 0;
			knownRegions = (
				en,
				Base,
			);
			mainGroup = 7F511E561CF8DCF900C07C3D;
			productRefGroup = 7F511E601CF8DCF900C07C3D /* Products */;
			projectDirPath = "";
			projectRoot = "";
			targets = (
				7F511E5E1CF8DCF900C07C3D /* iOS-LazyTableView-Swift */,
			);
		};
/* End PBXProject section */

/* Begin PBXResourcesBuildPhase section */
		7F511E5D1CF8DCF900C07C3D /* Resources */ = {
			isa = PBXResourcesBuildPhase;
			buildActionMask = 2147483647;
			files = (
				7F511E6D1CF8DCF900C07C3D /* LaunchScreen.storyboard in Resources */,
				7F511E6A1CF8DCF900C07C3D /* Assets.xcassets in Resources */,
				7F511E681CF8DCF900C07C3D /* Main.storyboard in Resources */,
			);
			runOnlyForDeploymentPostprocessing = 0;
		};
/* End PBXResourcesBuildPhase section */

/* Begin PBXSourcesBuildPhase section */
		7F511E5B1CF8DCF900C07C3D /* Sources */ = {
			isa = PBXSourcesBuildPhase;
			buildActionMask = 2147483647;
			files = (
				7F511E791CF8E95400C07C3D /* iOS_LazyTableView.xcdatamodel in Sources */,
				7F511E651CF8DCF900C07C3D /* ViewController.swift in Sources */,
				7F511E631CF8DCF900C07C3D /* AppDelegate.swift in Sources */,
				7F511E771CF8E2DC00C07C3D /* L3SDKUtilityLazyLoad.swift in Sources */,
				7F511E761CF8E2DC00C07C3D /* L3SDKLazyTableView.swift in Sources */,
			);
			runOnlyForDeploymentPostprocessing = 0;
		};
/* End PBXSourcesBuildPhase section */

/* Begin PBXVariantGroup section */
		7F511E661CF8DCF900C07C3D /* Main.storyboard */ = {
			isa = PBXVariantGroup;
			children = (
				7F511E671CF8DCF900C07C3D /* Base */,
			);
			name = Main.storyboard;
			sourceTree = "<group>";
		};
		7F511E6B1CF8DCF900C07C3D /* LaunchScreen.storyboard */ = {
			isa = PBXVariantGroup;
			children = (
				7F511E6C1CF8DCF900C07C3D /* Base */,
			);
			name = LaunchScreen.storyboard;
			sourceTree = "<group>";
		};
/* End PBXVariantGroup section */

/* Begin XCBuildConfiguration section */
		7F511E6F1CF8DCF900C07C3D /* Debug */ = {
			isa = XCBuildConfiguration;
			buildSettings = {
				ALWAYS_SEARCH_USER_PATHS = NO;
				CLANG_ANALYZER_NONNULL = YES;
				CLANG_CXX_LANGUAGE_STANDARD = "gnu++0x";
				CLANG_CXX_LIBRARY = "libc++";
				CLANG_ENABLE_MODULES = YES;
				CLANG_ENABLE_OBJC_ARC = YES;
				CLANG_WARN_BOOL_CONVERSION = YES;
				CLANG_WARN_CONSTANT_CONVERSION = YES;
				CLANG_WARN_DIRECT_OBJC_ISA_USAGE = YES_ERROR;
				CLANG_WARN_EMPTY_BODY = YES;
				CLANG_WARN_ENUM_CONVERSION = YES;
				CLANG_WARN_INT_CONVERSION = YES;
				CLANG_WARN_OBJC_ROOT_CLASS = YES_ERROR;
				CLANG_WARN_UNREACHABLE_CODE = YES;
				CLANG_WARN__DUPLICATE_METHOD_MATCH = YES;
				"CODE_SIGN_IDENTITY[sdk=iphoneos*]" = "iPhone Developer";
				COPY_PHASE_STRIP = NO;
				DEBUG_INFORMATION_FORMAT = dwarf;
				ENABLE_STRICT_OBJC_MSGSEND = YES;
				ENABLE_TESTABILITY = YES;
				GCC_C_LANGUAGE_STANDARD = gnu99;
				GCC_DYNAMIC_NO_PIC = NO;
				GCC_NO_COMMON_BLOCKS = YES;
				GCC_OPTIMIZATION_LEVEL = 0;
				GCC_PREPROCESSOR_DEFINITIONS = (
					"DEBUG=1",
					"$(inherited)",
				);
				GCC_WARN_64_TO_32_BIT_CONVERSION = YES;
				GCC_WARN_ABOUT_RETURN_TYPE = YES_ERROR;
				GCC_WARN_UNDECLARED_SELECTOR = YES;
				GCC_WARN_UNINITIALIZED_AUTOS = YES_AGGRESSIVE;
				GCC_WARN_UNUSED_FUNCTION = YES;
				GCC_WARN_UNUSED_VARIABLE = YES;
				IPHONEOS_DEPLOYMENT_TARGET = 9.3;
				MTL_ENABLE_DEBUG_INFO = YES;
				ONLY_ACTIVE_ARCH = YES;
				SDKROOT = iphoneos;
				SWIFT_OPTIMIZATION_LEVEL = "-Onone";
			};
			name = Debug;
		};
		7F511E701CF8DCF900C07C3D /* Release */ = {
			isa = XCBuildConfiguration;
			buildSettings = {
				ALWAYS_SEARCH_USER_PATHS = NO;
				CLANG_ANALYZER_NONNULL = YES;
				CLANG_CXX_LANGUAGE_STANDARD = "gnu++0x";
				CLANG_CXX_LIBRARY = "libc++";
				CLANG_ENABLE_MODULES = YES;
				CLANG_ENABLE_OBJC_ARC = YES;
				CLANG_WARN_BOOL_CONVERSION = YES;
				CLANG_WARN_CONSTANT_CONVERSION = YES;
				CLANG_WARN_DIRECT_OBJC_ISA_USAGE = YES_ERROR;
				CLANG_WARN_EMPTY_BODY = YES;
				CLANG_WARN_ENUM_CONVERSION = YES;
				CLANG_WARN_INT_CONVERSION = YES;
				CLANG_WARN_OBJC_ROOT_CLASS = YES_ERROR;
				CLANG_WARN_UNREACHABLE_CODE = YES;
				CLANG_WARN__DUPLICATE_METHOD_MATCH = YES;
				"CODE_SIGN_IDENTITY[sdk=iphoneos*]" = "iPhone Developer";
				COPY_PHASE_STRIP = NO;
				DEBUG_INFORMATION_FORMAT = "dwarf-with-dsym";
				ENABLE_NS_ASSERTIONS = NO;
				ENABLE_STRICT_OBJC_MSGSEND = YES;
				GCC_C_LANGUAGE_STANDARD = gnu99;
				GCC_NO_COMMON_BLOCKS = YES;
				GCC_WARN_64_TO_32_BIT_CONVERSION = YES;
				GCC_WARN_ABOUT_RETURN_TYPE = YES_ERROR;
				GCC_WARN_UNDECLARED_SELECTOR = YES;
				GCC_WARN_UNINITIALIZED_AUTOS = YES_AGGRESSIVE;
				GCC_WARN_UNUSED_FUNCTION = YES;
				GCC_WARN_UNUSED_VARIABLE = YES;
				IPHONEOS_DEPLOYMENT_TARGET = 9.3;
				MTL_ENABLE_DEBUG_INFO = NO;
				SDKROOT = iphoneos;
				VALIDATE_PRODUCT = YES;
			};
			name = Release;
		};
		7F511E721CF8DCF900C07C3D /* Debug */ = {
			isa = XCBuildConfiguration;
			buildSettings = {
				ASSETCATALOG_COMPILER_APPICON_NAME = AppIcon;
				INFOPLIST_FILE = "iOS-LazyTableView-Swift/Info.plist";
				LD_RUNPATH_SEARCH_PATHS = "$(inherited) @executable_path/Frameworks";
				PRODUCT_BUNDLE_IDENTIFIER = "me.jaredstef.iOS-LazyTableView-Swift";
				PRODUCT_NAME = "$(TARGET_NAME)";
			};
			name = Debug;
		};
		7F511E731CF8DCF900C07C3D /* Release */ = {
			isa = XCBuildConfiguration;
			buildSettings = {
				ASSETCATALOG_COMPILER_APPICON_NAME = AppIcon;
				INFOPLIST_FILE = "iOS-LazyTableView-Swift/Info.plist";
				LD_RUNPATH_SEARCH_PATHS = "$(inherited) @executable_path/Frameworks";
				PRODUCT_BUNDLE_IDENTIFIER = "me.jaredstef.iOS-LazyTableView-Swift";
				PRODUCT_NAME = "$(TARGET_NAME)";
			};
			name = Release;
		};
/* End XCBuildConfiguration section */

/* Begin XCConfigurationList section */
		7F511E5A1CF8DCF900C07C3D /* Build configuration list for PBXProject "iOS-LazyTableView-Swift" */ = {
			isa = XCConfigurationList;
			buildConfigurations = (
				7F511E6F1CF8DCF900C07C3D /* Debug */,
				7F511E701CF8DCF900C07C3D /* Release */,
			);
			defaultConfigurationIsVisible = 0;
			defaultConfigurationName = Release;
		};
		7F511E711CF8DCF900C07C3D /* Build configuration list for PBXNativeTarget "iOS-LazyTableView-Swift" */ = {
			isa = XCConfigurationList;
			buildConfigurations = (
				7F511E721CF8DCF900C07C3D /* Debug */,
				7F511E731CF8DCF900C07C3D /* Release */,
			);
			defaultConfigurationIsVisible = 0;
		};
/* End XCConfigurationList section */
	};
	rootObject = 7F511E571CF8DCF900C07C3D /* Project object */;
}
